// !$*UTF8*$!
{
	archiveVersion = 1;
	classes = {
	};
	objectVersion = 46;
	objects = {

/* Begin PBXBuildFile section */
		8966D5FA84527238A6F8E6B5 /* Pods_Pokedex.framework in Frameworks */ = {isa = PBXBuildFile; fileRef = 8E4CD88FCD9EAA7A2AF69EB7 /* Pods_Pokedex.framework */; };
		BA9E16BB2124F42000A6F3AC /* PokeDetailVC.swift in Sources */ = {isa = PBXBuildFile; fileRef = BA9E16BA2124F42000A6F3AC /* PokeDetailVC.swift */; };
		BAA5A3552121B02900A4734E /* pokemon.csv in Resources */ = {isa = PBXBuildFile; fileRef = BAA5A3542121B02900A4734E /* pokemon.csv */; };
		BAA5A35C2121B0C700A4734E /* Pokemon.swift in Sources */ = {isa = PBXBuildFile; fileRef = BAA5A35B2121B0C700A4734E /* Pokemon.swift */; };
		BAA5A35F2121B4F500A4734E /* PokeCell.swift in Sources */ = {isa = PBXBuildFile; fileRef = BAA5A35E2121B4F500A4734E /* PokeCell.swift */; };
		BAA5A3612121C07000A4734E /* csv.swift in Sources */ = {isa = PBXBuildFile; fileRef = BAA5A3602121C07000A4734E /* csv.swift */; };
		BAAD4517212A71840056A3F8 /* Constants.swift in Sources */ = {isa = PBXBuildFile; fileRef = BAAD4516212A71830056A3F8 /* Constants.swift */; };
		BABDD2482123D81900E8D80C /* pokemon.ttf in Resources */ = {isa = PBXBuildFile; fileRef = BABDD2472123D81900E8D80C /* pokemon.ttf */; };
		BABDD24A2123DA4600E8D80C /* music.mp3 in Resources */ = {isa = PBXBuildFile; fileRef = BABDD2492123DA4600E8D80C /* music.mp3 */; };
		BAD8A0192119AA79004060FF /* AppDelegate.swift in Sources */ = {isa = PBXBuildFile; fileRef = BAD8A0182119AA79004060FF /* AppDelegate.swift */; };
		BAD8A01B2119AA79004060FF /* ViewController.swift in Sources */ = {isa = PBXBuildFile; fileRef = BAD8A01A2119AA79004060FF /* ViewController.swift */; };
		BAD8A01E2119AA79004060FF /* Main.storyboard in Resources */ = {isa = PBXBuildFile; fileRef = BAD8A01C2119AA79004060FF /* Main.storyboard */; };
		BAD8A0202119AA79004060FF /* Assets.xcassets in Resources */ = {isa = PBXBuildFile; fileRef = BAD8A01F2119AA79004060FF /* Assets.xcassets */; };
		BAD8A0232119AA79004060FF /* LaunchScreen.storyboard in Resources */ = {isa = PBXBuildFile; fileRef = BAD8A0212119AA79004060FF /* LaunchScreen.storyboard */; };
		BAD8A02E2119AA79004060FF /* PokedexTests.swift in Sources */ = {isa = PBXBuildFile; fileRef = BAD8A02D2119AA79004060FF /* PokedexTests.swift */; };
		BAD8A0392119AA79004060FF /* PokedexUITests.swift in Sources */ = {isa = PBXBuildFile; fileRef = BAD8A0382119AA79004060FF /* PokedexUITests.swift */; };
		BADED3C4212A35B20070CFA2 /* Pods-Pokedex.debug.xcconfig in Resources */ = {isa = PBXBuildFile; fileRef = 42D30B5B495FAD274C322768 /* Pods-Pokedex.debug.xcconfig */; };
		BADED3C5212A35B70070CFA2 /* Pods-Pokedex.release.xcconfig in Resources */ = {isa = PBXBuildFile; fileRef = DF9E75EA7BE15ACF214984CE /* Pods-Pokedex.release.xcconfig */; };
/* End PBXBuildFile section */

/* Begin PBXContainerItemProxy section */
		BAD8A02A2119AA79004060FF /* PBXContainerItemProxy */ = {
			isa = PBXContainerItemProxy;
			containerPortal = BAD8A00D2119AA79004060FF /* Project object */;
			proxyType = 1;
			remoteGlobalIDString = BAD8A0142119AA79004060FF;
			remoteInfo = Pokedex;
		};
		BAD8A0352119AA79004060FF /* PBXContainerItemProxy */ = {
			isa = PBXContainerItemProxy;
			containerPortal = BAD8A00D2119AA79004060FF /* Project object */;
			proxyType = 1;
			remoteGlobalIDString = BAD8A0142119AA79004060FF;
			remoteInfo = Pokedex;
		};
/* End PBXContainerItemProxy section */

/* Begin PBXFileReference section */
		42D30B5B495FAD274C322768 /* Pods-Pokedex.debug.xcconfig */ = {isa = PBXFileReference; includeInIndex = 1; lastKnownFileType = text.xcconfig; name = "Pods-Pokedex.debug.xcconfig"; path = "Pods/Target Support Files/Pods-Pokedex/Pods-Pokedex.debug.xcconfig"; sourceTree = "<group>"; };
		8E4CD88FCD9EAA7A2AF69EB7 /* Pods_Pokedex.framework */ = {isa = PBXFileReference; explicitFileType = wrapper.framework; includeInIndex = 0; path = Pods_Pokedex.framework; sourceTree = BUILT_PRODUCTS_DIR; };
		A7201600CF9FAF32D37C878E /* Pods_PokedexTests.framework */ = {isa = PBXFileReference; explicitFileType = wrapper.framework; includeInIndex = 0; path = Pods_PokedexTests.framework; sourceTree = BUILT_PRODUCTS_DIR; };
		BA9E16BA2124F42000A6F3AC /* PokeDetailVC.swift */ = {isa = PBXFileReference; fileEncoding = 4; lastKnownFileType = sourcecode.swift; path = PokeDetailVC.swift; sourceTree = "<group>"; };
		BAA5A3542121B02900A4734E /* pokemon.csv */ = {isa = PBXFileReference; fileEncoding = 4; lastKnownFileType = text; path = pokemon.csv; sourceTree = "<group>"; };
		BAA5A35B2121B0C700A4734E /* Pokemon.swift */ = {isa = PBXFileReference; fileEncoding = 4; lastKnownFileType = sourcecode.swift; path = Pokemon.swift; sourceTree = "<group>"; };
		BAA5A35E2121B4F500A4734E /* PokeCell.swift */ = {isa = PBXFileReference; fileEncoding = 4; lastKnownFileType = sourcecode.swift; path = PokeCell.swift; sourceTree = "<group>"; };
		BAA5A3602121C07000A4734E /* csv.swift */ = {isa = PBXFileReference; fileEncoding = 4; lastKnownFileType = sourcecode.swift; path = csv.swift; sourceTree = "<group>"; };
		BAAD4516212A71830056A3F8 /* Constants.swift */ = {isa = PBXFileReference; fileEncoding = 4; lastKnownFileType = sourcecode.swift; path = Constants.swift; sourceTree = "<group>"; };
		BABDD2472123D81900E8D80C /* pokemon.ttf */ = {isa = PBXFileReference; lastKnownFileType = file; path = pokemon.ttf; sourceTree = "<group>"; };
		BABDD2492123DA4600E8D80C /* music.mp3 */ = {isa = PBXFileReference; lastKnownFileType = audio.mp3; path = music.mp3; sourceTree = "<group>"; };
		BAD8A0152119AA79004060FF /* Pokedex.app */ = {isa = PBXFileReference; explicitFileType = wrapper.application; includeInIndex = 0; path = Pokedex.app; sourceTree = BUILT_PRODUCTS_DIR; };
		BAD8A0182119AA79004060FF /* AppDelegate.swift */ = {isa = PBXFileReference; lastKnownFileType = sourcecode.swift; path = AppDelegate.swift; sourceTree = "<group>"; };
		BAD8A01A2119AA79004060FF /* ViewController.swift */ = {isa = PBXFileReference; lastKnownFileType = sourcecode.swift; path = ViewController.swift; sourceTree = "<group>"; };
		BAD8A01D2119AA79004060FF /* Base */ = {isa = PBXFileReference; lastKnownFileType = file.storyboard; name = Base; path = Base.lproj/Main.storyboard; sourceTree = "<group>"; };
		BAD8A01F2119AA79004060FF /* Assets.xcassets */ = {isa = PBXFileReference; lastKnownFileType = folder.assetcatalog; path = Assets.xcassets; sourceTree = "<group>"; };
		BAD8A0222119AA79004060FF /* Base */ = {isa = PBXFileReference; lastKnownFileType = file.storyboard; name = Base; path = Base.lproj/LaunchScreen.storyboard; sourceTree = "<group>"; };
		BAD8A0242119AA79004060FF /* Info.plist */ = {isa = PBXFileReference; lastKnownFileType = text.plist.xml; path = Info.plist; sourceTree = "<group>"; };
		BAD8A0292119AA79004060FF /* PokedexTests.xctest */ = {isa = PBXFileReference; explicitFileType = wrapper.cfbundle; includeInIndex = 0; path = PokedexTests.xctest; sourceTree = BUILT_PRODUCTS_DIR; };
		BAD8A02D2119AA79004060FF /* PokedexTests.swift */ = {isa = PBXFileReference; lastKnownFileType = sourcecode.swift; path = PokedexTests.swift; sourceTree = "<group>"; };
		BAD8A02F2119AA79004060FF /* Info.plist */ = {isa = PBXFileReference; lastKnownFileType = text.plist.xml; path = Info.plist; sourceTree = "<group>"; };
		BAD8A0342119AA79004060FF /* PokedexUITests.xctest */ = {isa = PBXFileReference; explicitFileType = wrapper.cfbundle; includeInIndex = 0; path = PokedexUITests.xctest; sourceTree = BUILT_PRODUCTS_DIR; };
		BAD8A0382119AA79004060FF /* PokedexUITests.swift */ = {isa = PBXFileReference; lastKnownFileType = sourcecode.swift; path = PokedexUITests.swift; sourceTree = "<group>"; };
		BAD8A03A2119AA79004060FF /* Info.plist */ = {isa = PBXFileReference; lastKnownFileType = text.plist.xml; path = Info.plist; sourceTree = "<group>"; };
		DD7A89CDF6876F76F69EC37E /* Pods_PokedexUITests.framework */ = {isa = PBXFileReference; explicitFileType = wrapper.framework; includeInIndex = 0; path = Pods_PokedexUITests.framework; sourceTree = BUILT_PRODUCTS_DIR; };
		DF9E75EA7BE15ACF214984CE /* Pods-Pokedex.release.xcconfig */ = {isa = PBXFileReference; includeInIndex = 1; lastKnownFileType = text.xcconfig; name = "Pods-Pokedex.release.xcconfig"; path = "Pods/Target Support Files/Pods-Pokedex/Pods-Pokedex.release.xcconfig"; sourceTree = "<group>"; };
/* End PBXFileReference section */

/* Begin PBXFrameworksBuildPhase section */
		BAD8A0122119AA79004060FF /* Frameworks */ = {
			isa = PBXFrameworksBuildPhase;
			buildActionMask = 2147483647;
			files = (
				8966D5FA84527238A6F8E6B5 /* Pods_Pokedex.framework in Frameworks */,
			);
			runOnlyForDeploymentPostprocessing = 0;
		};
		BAD8A0262119AA79004060FF /* Frameworks */ = {
			isa = PBXFrameworksBuildPhase;
			buildActionMask = 2147483647;
			files = (
			);
			runOnlyForDeploymentPostprocessing = 0;
		};
		BAD8A0312119AA79004060FF /* Frameworks */ = {
			isa = PBXFrameworksBuildPhase;
			buildActionMask = 2147483647;
			files = (
			);
			runOnlyForDeploymentPostprocessing = 0;
		};
/* End PBXFrameworksBuildPhase section */

/* Begin PBXGroup section */
		445D9E166B63653C582EF7E2 /* Pods */ = {
			isa = PBXGroup;
			children = (
				42D30B5B495FAD274C322768 /* Pods-Pokedex.debug.xcconfig */,
				DF9E75EA7BE15ACF214984CE /* Pods-Pokedex.release.xcconfig */,
			);
			name = Pods;
			sourceTree = "<group>";
		};
		7DAE080DB9F7DF247B36A5B5 /* Frameworks */ = {
			isa = PBXGroup;
			children = (
				8E4CD88FCD9EAA7A2AF69EB7 /* Pods_Pokedex.framework */,
				A7201600CF9FAF32D37C878E /* Pods_PokedexTests.framework */,
				DD7A89CDF6876F76F69EC37E /* Pods_PokedexUITests.framework */,
			);
			name = Frameworks;
			sourceTree = "<group>";
		};
		BAA5A3562121B09D00A4734E /* Model */ = {
			isa = PBXGroup;
			children = (
				BAA5A35B2121B0C700A4734E /* Pokemon.swift */,
			);
			name = Model;
			sourceTree = "<group>";
		};
		BAA5A3572121B0A200A4734E /* View */ = {
			isa = PBXGroup;
			children = (
				BAA5A35E2121B4F500A4734E /* PokeCell.swift */,
			);
			name = View;
			sourceTree = "<group>";
		};
		BAA5A3582121B0A800A4734E /* Controller */ = {
			isa = PBXGroup;
			children = (
				BAD8A01A2119AA79004060FF /* ViewController.swift */,
				BA9E16BA2124F42000A6F3AC /* PokeDetailVC.swift */,
			);
			name = Controller;
			sourceTree = "<group>";
		};
		BAA5A3592121B0B200A4734E /* Resources */ = {
			isa = PBXGroup;
			children = (
				BAA5A3542121B02900A4734E /* pokemon.csv */,
				BABDD2492123DA4600E8D80C /* music.mp3 */,
				BAA5A3602121C07000A4734E /* csv.swift */,
				BABDD2472123D81900E8D80C /* pokemon.ttf */,
			);
			name = Resources;
			sourceTree = "<group>";
		};
		BAA5A35A2121B0B700A4734E /* Util */ = {
			isa = PBXGroup;
			children = (
				BAAD4516212A71830056A3F8 /* Constants.swift */,
			);
			name = Util;
			sourceTree = "<group>";
		};
		BAD8A00C2119AA79004060FF = {
			isa = PBXGroup;
			children = (
				BAD8A0172119AA79004060FF /* Pokedex */,
				BAD8A02C2119AA79004060FF /* PokedexTests */,
				BAD8A0372119AA79004060FF /* PokedexUITests */,
				BAD8A0162119AA79004060FF /* Products */,
				445D9E166B63653C582EF7E2 /* Pods */,
				7DAE080DB9F7DF247B36A5B5 /* Frameworks */,
			);
			sourceTree = "<group>";
		};
		BAD8A0162119AA79004060FF /* Products */ = {
			isa = PBXGroup;
			children = (
				BAD8A0152119AA79004060FF /* Pokedex.app */,
				BAD8A0292119AA79004060FF /* PokedexTests.xctest */,
				BAD8A0342119AA79004060FF /* PokedexUITests.xctest */,
			);
			name = Products;
			sourceTree = "<group>";
		};
		BAD8A0172119AA79004060FF /* Pokedex */ = {
			isa = PBXGroup;
			children = (
				BAA5A35A2121B0B700A4734E /* Util */,
				BAA5A3592121B0B200A4734E /* Resources */,
				BAA5A3582121B0A800A4734E /* Controller */,
				BAA5A3572121B0A200A4734E /* View */,
				BAA5A3562121B09D00A4734E /* Model */,
				BAD8A0182119AA79004060FF /* AppDelegate.swift */,
				BAD8A01C2119AA79004060FF /* Main.storyboard */,
				BAD8A01F2119AA79004060FF /* Assets.xcassets */,
				BAD8A0212119AA79004060FF /* LaunchScreen.storyboard */,
				BAD8A0242119AA79004060FF /* Info.plist */,
			);
			path = Pokedex;
			sourceTree = "<group>";
		};
		BAD8A02C2119AA79004060FF /* PokedexTests */ = {
			isa = PBXGroup;
			children = (
				BAD8A02D2119AA79004060FF /* PokedexTests.swift */,
				BAD8A02F2119AA79004060FF /* Info.plist */,
			);
			path = PokedexTests;
			sourceTree = "<group>";
		};
		BAD8A0372119AA79004060FF /* PokedexUITests */ = {
			isa = PBXGroup;
			children = (
				BAD8A0382119AA79004060FF /* PokedexUITests.swift */,
				BAD8A03A2119AA79004060FF /* Info.plist */,
			);
			path = PokedexUITests;
			sourceTree = "<group>";
		};
/* End PBXGroup section */

/* Begin PBXNativeTarget section */
		BAD8A0142119AA79004060FF /* Pokedex */ = {
			isa = PBXNativeTarget;
			buildConfigurationList = BAD8A03D2119AA79004060FF /* Build configuration list for PBXNativeTarget "Pokedex" */;
			buildPhases = (
				FEFE2A354352968467EED2F6 /* [CP] Check Pods Manifest.lock */,
				BAD8A0112119AA79004060FF /* Sources */,
				BAD8A0122119AA79004060FF /* Frameworks */,
				BAD8A0132119AA79004060FF /* Resources */,
				05F12D588A49F5ACD6299F0F /* [CP] Embed Pods Frameworks */,
			);
			buildRules = (
			);
			dependencies = (
			);
			name = Pokedex;
			productName = Pokedex;
			productReference = BAD8A0152119AA79004060FF /* Pokedex.app */;
			productType = "com.apple.product-type.application";
		};
		BAD8A0282119AA79004060FF /* PokedexTests */ = {
			isa = PBXNativeTarget;
			buildConfigurationList = BAD8A0402119AA79004060FF /* Build configuration list for PBXNativeTarget "PokedexTests" */;
			buildPhases = (
				BAD8A0252119AA79004060FF /* Sources */,
				BAD8A0262119AA79004060FF /* Frameworks */,
				BAD8A0272119AA79004060FF /* Resources */,
			);
			buildRules = (
			);
			dependencies = (
				BAD8A02B2119AA79004060FF /* PBXTargetDependency */,
			);
			name = PokedexTests;
			productName = PokedexTests;
			productReference = BAD8A0292119AA79004060FF /* PokedexTests.xctest */;
			productType = "com.apple.product-type.bundle.unit-test";
		};
		BAD8A0332119AA79004060FF /* PokedexUITests */ = {
			isa = PBXNativeTarget;
			buildConfigurationList = BAD8A0432119AA79004060FF /* Build configuration list for PBXNativeTarget "PokedexUITests" */;
			buildPhases = (
				BAD8A0302119AA79004060FF /* Sources */,
				BAD8A0312119AA79004060FF /* Frameworks */,
				BAD8A0322119AA79004060FF /* Resources */,
			);
			buildRules = (
			);
			dependencies = (
				BAD8A0362119AA79004060FF /* PBXTargetDependency */,
			);
			name = PokedexUITests;
			productName = PokedexUITests;
			productReference = BAD8A0342119AA79004060FF /* PokedexUITests.xctest */;
			productType = "com.apple.product-type.bundle.ui-testing";
		};
/* End PBXNativeTarget section */

/* Begin PBXProject section */
		BAD8A00D2119AA79004060FF /* Project object */ = {
			isa = PBXProject;
			attributes = {
				LastSwiftUpdateCheck = 0730;
				LastUpgradeCheck = 0730;
				ORGANIZATIONNAME = "Eliza Velcom.eliza";
				TargetAttributes = {
					BAD8A0142119AA79004060FF = {
						CreatedOnToolsVersion = 7.3.1;
						DevelopmentTeam = 5Z36DU69Y4;
					};
					BAD8A0282119AA79004060FF = {
						CreatedOnToolsVersion = 7.3.1;
						DevelopmentTeam = 5Z36DU69Y4;
						TestTargetID = BAD8A0142119AA79004060FF;
					};
					BAD8A0332119AA79004060FF = {
						CreatedOnToolsVersion = 7.3.1;
						DevelopmentTeam = 5Z36DU69Y4;
						TestTargetID = BAD8A0142119AA79004060FF;
					};
				};
			};
			buildConfigurationList = BAD8A0102119AA79004060FF /* Build configuration list for PBXProject "Pokedex" */;
			compatibilityVersion = "Xcode 3.2";
			developmentRegion = English;
			hasScannedForEncodings = 0;
			knownRegions = (
				en,
				Base,
			);
			mainGroup = BAD8A00C2119AA79004060FF;
			productRefGroup = BAD8A0162119AA79004060FF /* Products */;
			projectDirPath = "";
			projectRoot = "";
			targets = (
				BAD8A0142119AA79004060FF /* Pokedex */,
				BAD8A0282119AA79004060FF /* PokedexTests */,
				BAD8A0332119AA79004060FF /* PokedexUITests */,
			);
		};
/* End PBXProject section */

/* Begin PBXResourcesBuildPhase section */
		BAD8A0132119AA79004060FF /* Resources */ = {
			isa = PBXResourcesBuildPhase;
			buildActionMask = 2147483647;
			files = (
				BABDD2482123D81900E8D80C /* pokemon.ttf in Resources */,
				BADED3C4212A35B20070CFA2 /* Pods-Pokedex.debug.xcconfig in Resources */,
				BAD8A0232119AA79004060FF /* LaunchScreen.storyboard in Resources */,
				BABDD24A2123DA4600E8D80C /* music.mp3 in Resources */,
				BAD8A0202119AA79004060FF /* Assets.xcassets in Resources */,
				BAA5A3552121B02900A4734E /* pokemon.csv in Resources */,
				BADED3C5212A35B70070CFA2 /* Pods-Pokedex.release.xcconfig in Resources */,
				BAD8A01E2119AA79004060FF /* Main.storyboard in Resources */,
			);
			runOnlyForDeploymentPostprocessing = 0;
		};
		BAD8A0272119AA79004060FF /* Resources */ = {
			isa = PBXResourcesBuildPhase;
			buildActionMask = 2147483647;
			files = (
			);
			runOnlyForDeploymentPostprocessing = 0;
		};
		BAD8A0322119AA79004060FF /* Resources */ = {
			isa = PBXResourcesBuildPhase;
			buildActionMask = 2147483647;
			files = (
			);
			runOnlyForDeploymentPostprocessing = 0;
		};
/* End PBXResourcesBuildPhase section */

/* Begin PBXShellScriptBuildPhase section */
		05F12D588A49F5ACD6299F0F /* [CP] Embed Pods Frameworks */ = {
			isa = PBXShellScriptBuildPhase;
			buildActionMask = 2147483647;
			files = (
			);
			inputPaths = (
				"${SRCROOT}/Pods/Target Support Files/Pods-Pokedex/Pods-Pokedex-frameworks.sh",
				"${BUILT_PRODUCTS_DIR}/Alamofire/Alamofire.framework",
			);
			name = "[CP] Embed Pods Frameworks";
			outputPaths = (
				"${TARGET_BUILD_DIR}/${FRAMEWORKS_FOLDER_PATH}/Alamofire.framework",
			);
			runOnlyForDeploymentPostprocessing = 0;
			shellPath = /bin/sh;
			shellScript = "\"${SRCROOT}/Pods/Target Support Files/Pods-Pokedex/Pods-Pokedex-frameworks.sh\"\n";
			showEnvVarsInLog = 0;
		};
		FEFE2A354352968467EED2F6 /* [CP] Check Pods Manifest.lock */ = {
			isa = PBXShellScriptBuildPhase;
			buildActionMask = 2147483647;
			files = (
			);
			inputPaths = (
				"${PODS_PODFILE_DIR_PATH}/Podfile.lock",
				"${PODS_ROOT}/Manifest.lock",
			);
			name = "[CP] Check Pods Manifest.lock";
			outputPaths = (
				"$(DERIVED_FILE_DIR)/Pods-Pokedex-checkManifestLockResult.txt",
			);
			runOnlyForDeploymentPostprocessing = 0;
			shellPath = /bin/sh;
			shellScript = "diff \"${PODS_PODFILE_DIR_PATH}/Podfile.lock\" \"${PODS_ROOT}/Manifest.lock\" > /dev/null\nif [ $? != 0 ] ; then\n    # print error to STDERR\n    echo \"error: The sandbox is not in sync with the Podfile.lock. Run 'pod install' or update your CocoaPods installation.\" >&2\n    exit 1\nfi\n# This output is used by Xcode 'outputs' to avoid re-running this script phase.\necho \"SUCCESS\" > \"${SCRIPT_OUTPUT_FILE_0}\"\n";
			showEnvVarsInLog = 0;
		};
/* End PBXShellScriptBuildPhase section */

/* Begin PBXSourcesBuildPhase section */
		BAD8A0112119AA79004060FF /* Sources */ = {
			isa = PBXSourcesBuildPhase;
			buildActionMask = 2147483647;
			files = (
				BAA5A35F2121B4F500A4734E /* PokeCell.swift in Sources */,
				BAD8A01B2119AA79004060FF /* ViewController.swift in Sources */,
				BAD8A0192119AA79004060FF /* AppDelegate.swift in Sources */,
				BAA5A35C2121B0C700A4734E /* Pokemon.swift in Sources */,
				BAAD4517212A71840056A3F8 /* Constants.swift in Sources */,
				BA9E16BB2124F42000A6F3AC /* PokeDetailVC.swift in Sources */,
				BAA5A3612121C07000A4734E /* csv.swift in Sources */,
			);
			runOnlyForDeploymentPostprocessing = 0;
		};
		BAD8A0252119AA79004060FF /* Sources */ = {
			isa = PBXSourcesBuildPhase;
			buildActionMask = 2147483647;
			files = (
				BAD8A02E2119AA79004060FF /* PokedexTests.swift in Sources */,
			);
			runOnlyForDeploymentPostprocessing = 0;
		};
		BAD8A0302119AA79004060FF /* Sources */ = {
			isa = PBXSourcesBuildPhase;
			buildActionMask = 2147483647;
			files = (
				BAD8A0392119AA79004060FF /* PokedexUITests.swift in Sources */,
			);
			runOnlyForDeploymentPostprocessing = 0;
		};
/* End PBXSourcesBuildPhase section */

/* Begin PBXTargetDependency section */
		BAD8A02B2119AA79004060FF /* PBXTargetDependency */ = {
			isa = PBXTargetDependency;
			target = BAD8A0142119AA79004060FF /* Pokedex */;
			targetProxy = BAD8A02A2119AA79004060FF /* PBXContainerItemProxy */;
		};
		BAD8A0362119AA79004060FF /* PBXTargetDependency */ = {
			isa = PBXTargetDependency;
			target = BAD8A0142119AA79004060FF /* Pokedex */;
			targetProxy = BAD8A0352119AA79004060FF /* PBXContainerItemProxy */;
		};
/* End PBXTargetDependency section */

/* Begin PBXVariantGroup section */
		BAD8A01C2119AA79004060FF /* Main.storyboard */ = {
			isa = PBXVariantGroup;
			children = (
				BAD8A01D2119AA79004060FF /* Base */,
			);
			name = Main.storyboard;
			sourceTree = "<group>";
		};
		BAD8A0212119AA79004060FF /* LaunchScreen.storyboard */ = {
			isa = PBXVariantGroup;
			children = (
				BAD8A0222119AA79004060FF /* Base */,
			);
			name = LaunchScreen.storyboard;
			sourceTree = "<group>";
		};
/* End PBXVariantGroup section */

/* Begin XCBuildConfiguration section */
		BAD8A03B2119AA79004060FF /* Debug */ = {
			isa = XCBuildConfiguration;
			buildSettings = {
				ALWAYS_SEARCH_USER_PATHS = NO;
				CLANG_ANALYZER_NONNULL = YES;
				CLANG_CXX_LANGUAGE_STANDARD = "gnu++0x";
				CLANG_CXX_LIBRARY = "libc++";
				CLANG_ENABLE_MODULES = YES;
				CLANG_ENABLE_OBJC_ARC = YES;
				CLANG_WARN_BOOL_CONVERSION = YES;
				CLANG_WARN_CONSTANT_CONVERSION = YES;
				CLANG_WARN_DIRECT_OBJC_ISA_USAGE = YES_ERROR;
				CLANG_WARN_EMPTY_BODY = YES;
				CLANG_WARN_ENUM_CONVERSION = YES;
				CLANG_WARN_INT_CONVERSION = YES;
				CLANG_WARN_OBJC_ROOT_CLASS = YES_ERROR;
				CLANG_WARN_UNREACHABLE_CODE = YES;
				CLANG_WARN__DUPLICATE_METHOD_MATCH = YES;
				"CODE_SIGN_IDENTITY[sdk=iphoneos*]" = "iPhone Developer";
				COPY_PHASE_STRIP = NO;
				DEBUG_INFORMATION_FORMAT = dwarf;
				ENABLE_STRICT_OBJC_MSGSEND = YES;
				ENABLE_TESTABILITY = YES;
				GCC_C_LANGUAGE_STANDARD = gnu99;
				GCC_DYNAMIC_NO_PIC = NO;
				GCC_NO_COMMON_BLOCKS = YES;
				GCC_OPTIMIZATION_LEVEL = 0;
				GCC_PREPROCESSOR_DEFINITIONS = (
					"DEBUG=1",
					"$(inherited)",
				);
				GCC_WARN_64_TO_32_BIT_CONVERSION = YES;
				GCC_WARN_ABOUT_RETURN_TYPE = YES_ERROR;
				GCC_WARN_UNDECLARED_SELECTOR = YES;
				GCC_WARN_UNINITIALIZED_AUTOS = YES_AGGRESSIVE;
				GCC_WARN_UNUSED_FUNCTION = YES;
				GCC_WARN_UNUSED_VARIABLE = YES;
				IPHONEOS_DEPLOYMENT_TARGET = 9.3;
				MTL_ENABLE_DEBUG_INFO = YES;
				ONLY_ACTIVE_ARCH = YES;
				SDKROOT = iphoneos;
				SWIFT_OPTIMIZATION_LEVEL = "-Onone";
				TARGETED_DEVICE_FAMILY = "1,2";
			};
			name = Debug;
		};
		BAD8A03C2119AA79004060FF /* Release */ = {
			isa = XCBuildConfiguration;
			buildSettings = {
				ALWAYS_SEARCH_USER_PATHS = NO;
				CLANG_ANALYZER_NONNULL = YES;
				CLANG_CXX_LANGUAGE_STANDARD = "gnu++0x";
				CLANG_CXX_LIBRARY = "libc++";
				CLANG_ENABLE_MODULES = YES;
				CLANG_ENABLE_OBJC_ARC = YES;
				CLANG_WARN_BOOL_CONVERSION = YES;
				CLANG_WARN_CONSTANT_CONVERSION = YES;
				CLANG_WARN_DIRECT_OBJC_ISA_USAGE = YES_ERROR;
				CLANG_WARN_EMPTY_BODY = YES;
				CLANG_WARN_ENUM_CONVERSION = YES;
				CLANG_WARN_INT_CONVERSION = YES;
				CLANG_WARN_OBJC_ROOT_CLASS = YES_ERROR;
				CLANG_WARN_UNREACHABLE_CODE = YES;
				CLANG_WARN__DUPLICATE_METHOD_MATCH = YES;
				"CODE_SIGN_IDENTITY[sdk=iphoneos*]" = "iPhone Developer";
				COPY_PHASE_STRIP = NO;
				DEBUG_INFORMATION_FORMAT = "dwarf-with-dsym";
				ENABLE_NS_ASSERTIONS = NO;
				ENABLE_STRICT_OBJC_MSGSEND = YES;
				GCC_C_LANGUAGE_STANDARD = gnu99;
				GCC_NO_COMMON_BLOCKS = YES;
				GCC_WARN_64_TO_32_BIT_CONVERSION = YES;
				GCC_WARN_ABOUT_RETURN_TYPE = YES_ERROR;
				GCC_WARN_UNDECLARED_SELECTOR = YES;
				GCC_WARN_UNINITIALIZED_AUTOS = YES_AGGRESSIVE;
				GCC_WARN_UNUSED_FUNCTION = YES;
				GCC_WARN_UNUSED_VARIABLE = YES;
				IPHONEOS_DEPLOYMENT_TARGET = 9.3;
				MTL_ENABLE_DEBUG_INFO = NO;
				SDKROOT = iphoneos;
				TARGETED_DEVICE_FAMILY = "1,2";
				VALIDATE_PRODUCT = YES;
			};
			name = Release;
		};
		BAD8A03E2119AA79004060FF /* Debug */ = {
			isa = XCBuildConfiguration;
			baseConfigurationReference = 42D30B5B495FAD274C322768 /* Pods-Pokedex.debug.xcconfig */;
			buildSettings = {
				ASSETCATALOG_COMPILER_APPICON_NAME = AppIcon;
				CODE_SIGN_IDENTITY = "iPhone Developer";
				INFOPLIST_FILE = Pokedex/Info.plist;
				LD_RUNPATH_SEARCH_PATHS = "$(inherited) @executable_path/Frameworks";
				PRODUCT_BUNDLE_IDENTIFIER = app.elizavel.Pokedex;
				PRODUCT_NAME = "$(TARGET_NAME)";
			};
			name = Debug;
		};
		BAD8A03F2119AA79004060FF /* Release */ = {
			isa = XCBuildConfiguration;
			baseConfigurationReference = DF9E75EA7BE15ACF214984CE /* Pods-Pokedex.release.xcconfig */;
			buildSettings = {
				ASSETCATALOG_COMPILER_APPICON_NAME = AppIcon;
				CODE_SIGN_IDENTITY = "iPhone Developer";
				INFOPLIST_FILE = Pokedex/Info.plist;
				LD_RUNPATH_SEARCH_PATHS = "$(inherited) @executable_path/Frameworks";
				PRODUCT_BUNDLE_IDENTIFIER = app.elizavel.Pokedex;
				PRODUCT_NAME = "$(TARGET_NAME)";
			};
			name = Release;
		};
		BAD8A0412119AA79004060FF /* Debug */ = {
			isa = XCBuildConfiguration;
			buildSettings = {
				BUNDLE_LOADER = "$(TEST_HOST)";
				INFOPLIST_FILE = PokedexTests/Info.plist;
				LD_RUNPATH_SEARCH_PATHS = "$(inherited) @executable_path/Frameworks @loader_path/Frameworks";
				PRODUCT_BUNDLE_IDENTIFIER = app.elizavel.PokedexTests;
				PRODUCT_NAME = "$(TARGET_NAME)";
				TEST_HOST = "$(BUILT_PRODUCTS_DIR)/Pokedex.app/Pokedex";
			};
			name = Debug;
		};
		BAD8A0422119AA79004060FF /* Release */ = {
			isa = XCBuildConfiguration;
			buildSettings = {
				BUNDLE_LOADER = "$(TEST_HOST)";
				INFOPLIST_FILE = PokedexTests/Info.plist;
				LD_RUNPATH_SEARCH_PATHS = "$(inherited) @executable_path/Frameworks @loader_path/Frameworks";
				PRODUCT_BUNDLE_IDENTIFIER = app.elizavel.PokedexTests;
				PRODUCT_NAME = "$(TARGET_NAME)";
				TEST_HOST = "$(BUILT_PRODUCTS_DIR)/Pokedex.app/Pokedex";
			};
			name = Release;
		};
		BAD8A0442119AA79004060FF /* Debug */ = {
			isa = XCBuildConfiguration;
			buildSettings = {
				INFOPLIST_FILE = PokedexUITests/Info.plist;
				LD_RUNPATH_SEARCH_PATHS = "$(inherited) @executable_path/Frameworks @loader_path/Frameworks";
				PRODUCT_BUNDLE_IDENTIFIER = app.elizavel.PokedexUITests;
				PRODUCT_NAME = "$(TARGET_NAME)";
				TEST_TARGET_NAME = Pokedex;
			};
			name = Debug;
		};
		BAD8A0452119AA79004060FF /* Release */ = {
			isa = XCBuildConfiguration;
			buildSettings = {
				INFOPLIST_FILE = PokedexUITests/Info.plist;
				LD_RUNPATH_SEARCH_PATHS = "$(inherited) @executable_path/Frameworks @loader_path/Frameworks";
				PRODUCT_BUNDLE_IDENTIFIER = app.elizavel.PokedexUITests;
				PRODUCT_NAME = "$(TARGET_NAME)";
				TEST_TARGET_NAME = Pokedex;
			};
			name = Release;
		};
/* End XCBuildConfiguration section */

/* Begin XCConfigurationList section */
		BAD8A0102119AA79004060FF /* Build configuration list for PBXProject "Pokedex" */ = {
			isa = XCConfigurationList;
			buildConfigurations = (
				BAD8A03B2119AA79004060FF /* Debug */,
				BAD8A03C2119AA79004060FF /* Release */,
			);
			defaultConfigurationIsVisible = 0;
			defaultConfigurationName = Release;
		};
		BAD8A03D2119AA79004060FF /* Build configuration list for PBXNativeTarget "Pokedex" */ = {
			isa = XCConfigurationList;
			buildConfigurations = (
				BAD8A03E2119AA79004060FF /* Debug */,
				BAD8A03F2119AA79004060FF /* Release */,
			);
			defaultConfigurationIsVisible = 0;
			defaultConfigurationName = Release;
		};
		BAD8A0402119AA79004060FF /* Build configuration list for PBXNativeTarget "PokedexTests" */ = {
			isa = XCConfigurationList;
			buildConfigurations = (
				BAD8A0412119AA79004060FF /* Debug */,
				BAD8A0422119AA79004060FF /* Release */,
			);
			defaultConfigurationIsVisible = 0;
			defaultConfigurationName = Release;
		};
		BAD8A0432119AA79004060FF /* Build configuration list for PBXNativeTarget "PokedexUITests" */ = {
			isa = XCConfigurationList;
			buildConfigurations = (
				BAD8A0442119AA79004060FF /* Debug */,
				BAD8A0452119AA79004060FF /* Release */,
			);
			defaultConfigurationIsVisible = 0;
			defaultConfigurationName = Release;
		};
/* End XCConfigurationList section */
	};
	rootObject = BAD8A00D2119AA79004060FF /* Project object */;
}
